
Microsoft Visual Studio Solution File, Format Version 12.00
# Visual Studio Version 17
VisualStudioVersion = 17.12.35707.178
MinimumVisualStudioVersion = 10.0.40219.1
Project("{FAE04EC0-301F-11D3-BF4B-00C04F79EFBC}") = "TheKingsApp.Web", "TheKingsApp\TheKingsApp.Web.csproj", "{B23BEFC5-7369-4B27-8D36-8B790135FE52}"
EndProject
Project("{FAE04EC0-301F-11D3-BF4B-00C04F79EFBC}") = "TheKingsApp.Core", "TheKingsApp.Core\TheKingsApp.Core.csproj", "{ADB52F67-D7FE-4906-A4DA-8C4BB8F8F24E}"
EndProject
Project("{FAE04EC0-301F-11D3-BF4B-00C04F79EFBC}") = "TheKingsApp.UseCases", "TheKingsApp.UseCases\TheKingsApp.UseCases.csproj", "{D06BB166-E2A3-403E-ABFA-6E10C7B4B368}"
EndProject
Project("{FAE04EC0-301F-11D3-BF4B-00C04F79EFBC}") = "TheKingsApp.UnitTests", "TheKingsApp.UnitTests\TheKingsApp.UnitTests.csproj", "{07CC505E-5C21-499F-8FA2-1907B991CFDA}"
EndProject
Global
	GlobalSection(SolutionConfigurationPlatforms) = preSolution
		Debug|Any CPU = Debug|Any CPU
		Release|Any CPU = Release|Any CPU
	EndGlobalSection
	GlobalSection(ProjectConfigurationPlatforms) = postSolution
		{B23BEFC5-7369-4B27-8D36-8B790135FE52}.Debug|Any CPU.ActiveCfg = Debug|Any CPU
		{B23BEFC5-7369-4B27-8D36-8B790135FE52}.Debug|Any CPU.Build.0 = Debug|Any CPU
		{B23BEFC5-7369-4B27-8D36-8B790135FE52}.Release|Any CPU.ActiveCfg = Release|Any CPU
		{B23BEFC5-7369-4B27-8D36-8B790135FE52}.Release|Any CPU.Build.0 = Release|Any CPU
		{ADB52F67-D7FE-4906-A4DA-8C4BB8F8F24E}.Debug|Any CPU.ActiveCfg = Debug|Any CPU
		{ADB52F67-D7FE-4906-A4DA-8C4BB8F8F24E}.Debug|Any CPU.Build.0 = Debug|Any CPU
		{ADB52F67-D7FE-4906-A4DA-8C4BB8F8F24E}.Release|Any CPU.ActiveCfg = Release|Any CPU
		{ADB52F67-D7FE-4906-A4DA-8C4BB8F8F24E}.Release|Any CPU.Build.0 = Release|Any CPU
		{D06BB166-E2A3-403E-ABFA-6E10C7B4B368}.Debug|Any CPU.ActiveCfg = Debug|Any CPU
		{D06BB166-E2A3-403E-ABFA-6E10C7B4B368}.Debug|Any CPU.Build.0 = Debug|Any CPU
		{D06BB166-E2A3-403E-ABFA-6E10C7B4B368}.Release|Any CPU.ActiveCfg = Release|Any CPU
		{D06BB166-E2A3-403E-ABFA-6E10C7B4B368}.Release|Any CPU.Build.0 = Release|Any CPU
		{07CC505E-5C21-499F-8FA2-1907B991CFDA}.Debug|Any CPU.ActiveCfg = Debug|Any CPU
		{07CC505E-5C21-499F-8FA2-1907B991CFDA}.Debug|Any CPU.Build.0 = Debug|Any CPU
		{07CC505E-5C21-499F-8FA2-1907B991CFDA}.Release|Any CPU.ActiveCfg = Release|Any CPU
		{07CC505E-5C21-499F-8FA2-1907B991CFDA}.Release|Any CPU.Build.0 = Release|Any CPU
	EndGlobalSection
	GlobalSection(SolutionProperties) = preSolution
		HideSolutionNode = FALSE
	EndGlobalSection
EndGlobal
